
Microsoft Visual Studio Solution File, Format Version 12.00
# Visual Studio Version 16
VisualStudioVersion = 16.0.29806.167
MinimumVisualStudioVersion = 10.0.40219.1
Project("{FAE04EC0-301F-11D3-BF4B-00C04F79EFBC}") = "EntityFameworkTryumCase", "EntityFameworkTryumCase\EntityFameworkTryumCase.csproj", "{6B1A875D-5CA7-49BC-896C-AD309B341444}"
EndProject
Global
	GlobalSection(SolutionConfigurationPlatforms) = preSolution
		Debug|Any CPU = Debug|Any CPU
		Release|Any CPU = Release|Any CPU
	EndGlobalSection
	GlobalSection(ProjectConfigurationPlatforms) = postSolution
		{6B1A875D-5CA7-49BC-896C-AD309B341444}.Debug|Any CPU.ActiveCfg = Debug|Any CPU
		{6B1A875D-5CA7-49BC-896C-AD309B341444}.Debug|Any CPU.Build.0 = Debug|Any CPU
		{6B1A875D-5CA7-49BC-896C-AD309B341444}.Release|Any CPU.ActiveCfg = Release|Any CPU
		{6B1A875D-5CA7-49BC-896C-AD309B341444}.Release|Any CPU.Build.0 = Release|Any CPU
	EndGlobalSection
	GlobalSection(SolutionProperties) = preSolution
		HideSolutionNode = FALSE
	EndGlobalSection
	GlobalSection(ExtensibilityGlobals) = postSolution
		SolutionGuid = {DF47842F-0415-4387-8D01-7A0BFE92488C}
	EndGlobalSection
EndGlobal
